<?xml version="1.0" encoding="utf-8"?>
<Project ToolsVersion="4.0" xmlns="http://schemas.microsoft.com/developer/msbuild/2003">
  <ItemGroup>
    <Filter Include="Source Files">
      <UniqueIdentifier>{4FC737F1-C7A5-4376-A066-2A32D752A2FF}</UniqueIdentifier>
      <Extensions>cpp;c;cc;cxx;def;odl;idl;hpj;bat;asm;asmx</Extensions>
    </Filter>
    <Filter Include="Header Files">
      <UniqueIdentifier>{93995380-89BD-4b04-88EB-625FBE52EBFB}</UniqueIdentifier>
      <Extensions>h;hh;hpp;hxx;hm;inl;inc;xsd</Extensions>
    </Filter>
    <Filter Include="Resource Files">
      <UniqueIdentifier>{67DA6AB6-F800-4c08-8B7A-83BB121AAD01}</UniqueIdentifier>
      <Extensions>rc;ico;cur;bmp;dlg;rc2;rct;bin;rgs;gif;jpg;jpeg;jpe;resx;tiff;tif;png;wav;mfcribbon-ms</Extensions>
    </Filter>
    <Filter Include="Data">
      <UniqueIdentifier>{2597c191-b0d8-41b9-98dd-6edfda5507d8}</UniqueIdentifier>
    </Filter>
    <Filter Include="Data\shaders">
      <UniqueIdentifier>{4fe8fa2c-86c2-4cef-bd16-4ff532c15926}</UniqueIdentifier>
    </Filter>
  </ItemGroup>
  <ItemGroup>
    <ClCompile Include="main.cpp">
      <Filter>Source Files</Filter>
    </ClCompile>
    <ClCompile Include="GraveSystem.cpp">
      <Filter>Source Files</Filter>
    </ClCompile>
    <ClCompile Include="GraveInput.cpp">
      <Filter>Source Files</Filter>
    </ClCompile>
    <ClCompile Include="GraveGraphics.cpp">
      <Filter>Source Files</Filter>
    </ClCompile>
    <ClCompile Include="GraveD3D.cpp">
      <Filter>Source Files</Filter>
    </ClCompile>
    <ClCompile Include="ColorShader.cpp">
      <Filter>Source Files</Filter>
    </ClCompile>
    <ClCompile Include="Model.cpp">
      <Filter>Source Files</Filter>
    </ClCompile>
    <ClCompile Include="Camera.cpp">
      <Filter>Source Files</Filter>
    </ClCompile>
    <ClCompile Include="GraveTexture.cpp">
      <Filter>Source Files</Filter>
    </ClCompile>
    <ClCompile Include="GraveTextureShader.cpp">
      <Filter>Source Files</Filter>
    </ClCompile>
    <ClCompile Include="GraveLightShader.cpp">
      <Filter>Source Files</Filter>
    </ClCompile>
    <ClCompile Include="GraveLight.cpp">
      <Filter>Source Files</Filter>
    </ClCompile>
    <ClCompile Include="GraveBitmap.cpp">
      <Filter>Source Files</Filter>
    </ClCompile>
    <ClCompile Include="GraveFPS.cpp">
      <Filter>Source Files</Filter>
    </ClCompile>
    <ClCompile Include="GraveCpuProfile.cpp">
      <Filter>Source Files</Filter>
    </ClCompile>
    <ClCompile Include="GraveTimer.cpp">
      <Filter>Source Files</Filter>
    </ClCompile>
  </ItemGroup>
  <ItemGroup>
    <ClInclude Include="GraveSystem.h">
      <Filter>Header Files</Filter>
    </ClInclude>
    <ClInclude Include="GraveInput.h">
      <Filter>Header Files</Filter>
    </ClInclude>
    <ClInclude Include="GraveGraphics.h">
      <Filter>Header Files</Filter>
    </ClInclude>
    <ClInclude Include="GraveD3D.h">
      <Filter>Header Files</Filter>
    </ClInclude>
    <ClInclude Include="ColorShader.h">
      <Filter>Header Files</Filter>
    </ClInclude>
    <ClInclude Include="Model.h">
      <Filter>Header Files</Filter>
    </ClInclude>
    <ClInclude Include="Camera.h">
      <Filter>Header Files</Filter>
    </ClInclude>
    <ClInclude Include="GraveTexture.h">
      <Filter>Header Files</Filter>
    </ClInclude>
    <ClInclude Include="GraveTextureShader.h">
      <Filter>Header Files</Filter>
    </ClInclude>
    <ClInclude Include="GraveLightShader.h">
      <Filter>Header Files</Filter>
    </ClInclude>
    <ClInclude Include="GraveLight.h">
      <Filter>Header Files</Filter>
    </ClInclude>
    <ClInclude Include="GraveBitmap.h">
      <Filter>Header Files</Filter>
    </ClInclude>
    <ClInclude Include="GraveFPS.h">
      <Filter>Header Files</Filter>
    </ClInclude>
    <ClInclude Include="GraveCpuProfile.h">
      <Filter>Header Files</Filter>
    </ClInclude>
    <ClInclude Include="GraveTimer.h">
      <Filter>Header Files</Filter>
    </ClInclude>
  </ItemGroup>
  <ItemGroup>
    <None Include="Data\shaders\color.vs">
      <Filter>Data\shaders</Filter>
    </None>
    <None Include="Data\shaders\color.ps">
      <Filter>Data\shaders</Filter>
    </None>
    <None Include="packages.config" />
    <None Include="courier_new.spritefont" />
  </ItemGroup>
</Project>